version = 1
revision = 3
requires-python = "==3.14.2"

[[package]]
name = "levenshtein"
version = "0.27.3"
source = { registry = "https://pypi.org/simple" }
dependencies = [
    { name = "rapidfuzz" },
]
sdist = { url = "https://files.pythonhosted.org/packages/82/56/dcf68853b062e3b94bdc3d011cc4198779abc5b9dc134146a062920ce2e2/levenshtein-0.27.3.tar.gz", hash = "sha256:1ac326b2c84215795163d8a5af471188918b8797b4953ec87aaba22c9c1f9fc0", size = 393269, upload-time = "2025-11-01T12:14:31.04Z" }
wheels = [
    { url = "https://files.pythonhosted.org/packages/f3/e1/2f705da403f865a5fa3449b155738dc9c53021698fd6926253a9af03180b/levenshtein-0.27.3-cp314-cp314-macosx_10_15_x86_64.whl", hash = "sha256:a6728bfae9a86002f0223576675fc7e2a6e7735da47185a1d13d1eaaa73dd4be", size = 169457, upload-time = "2025-11-01T12:13:53.778Z" },
    { url = "https://files.pythonhosted.org/packages/76/2c/bb6ef359e007fe7b6b3195b68a94f4dd3ecd1885ee337ee8fbd4df55996f/levenshtein-0.27.3-cp314-cp314-macosx_11_0_arm64.whl", hash = "sha256:8e5037c4a6f97a238e24aad6f98a1e984348b7931b1b04b6bd02bd4f8238150d", size = 158680, upload-time = "2025-11-01T12:13:55.005Z" },
    { url = "https://files.pythonhosted.org/packages/51/7b/de1999f4cf1cfebc3fbbf03a6d58498952d6560d9798af4b0a566e6b6f30/levenshtein-0.27.3-cp314-cp314-manylinux_2_24_aarch64.manylinux_2_28_aarch64.whl", hash = "sha256:c6cf5ecf9026bf24cf66ad019c6583f50058fae3e1b3c20e8812455b55d597f1", size = 133167, upload-time = "2025-11-01T12:13:56.426Z" },
    { url = "https://files.pythonhosted.org/packages/c7/da/aaa7f3a0a8ae8744b284043653652db3d7d93595517f9ed8158c03287692/levenshtein-0.27.3-cp314-cp314-manylinux_2_24_armv7l.manylinux_2_31_armv7l.whl", hash = "sha256:9285084bd2fc19adb47dab54ed4a71f57f78fe0d754e4a01e3c75409a25aed24", size = 114530, upload-time = "2025-11-01T12:13:57.883Z" },
    { url = "https://files.pythonhosted.org/packages/29/ce/ed422816fb30ffa3bc11597b30d5deca06b4a1388707a04215da73c65b53/levenshtein-0.27.3-cp314-cp314-manylinux_2_24_x86_64.manylinux_2_28_x86_64.whl", hash = "sha256:ce3bbbe92172a08b599d79956182c6b7ab6ec8d4adbe7237417a363b968ad87b", size = 153325, upload-time = "2025-11-01T12:13:59.318Z" },
    { url = "https://files.pythonhosted.org/packages/d9/5a/a225477a0bda154f19f1c07a5e35500d631ae25dfd620b479027d79f0d4c/levenshtein-0.27.3-cp314-cp314-musllinux_1_2_aarch64.whl", hash = "sha256:9dac48fab9d166ca90e12fb6cf6c7c8eb9c41aacf7136584411e20f7f136f745", size = 1114956, upload-time = "2025-11-01T12:14:00.543Z" },
    { url = "https://files.pythonhosted.org/packages/ca/c4/a1be1040f3cce516a5e2be68453fd0c32ac63b2e9d31f476723fd8002c09/levenshtein-0.27.3-cp314-cp314-musllinux_1_2_armv7l.whl", hash = "sha256:d37a83722dc5326c93d17078e926c4732dc4f3488dc017c6839e34cd16af92b7", size = 1007610, upload-time = "2025-11-01T12:14:02.036Z" },
    { url = "https://files.pythonhosted.org/packages/86/d7/6f50e8a307e0c2befd819b481eb3a4c2eacab3dd8101982423003fac8ea3/levenshtein-0.27.3-cp314-cp314-musllinux_1_2_x86_64.whl", hash = "sha256:3466cb8294ce586e49dd467560a153ab8d296015c538223f149f9aefd3d9f955", size = 1185379, upload-time = "2025-11-01T12:14:03.385Z" },
    { url = "https://files.pythonhosted.org/packages/6b/e5/5d8fb1b3ebd5735f53221bf95c923066bcfc132234925820128f7eee5b47/levenshtein-0.27.3-cp314-cp314-win32.whl", hash = "sha256:c848bf2457b268672b7e9e73b44f18f49856420ac50b2564cf115a6e4ef82688", size = 86328, upload-time = "2025-11-01T12:14:04.74Z" },
    { url = "https://files.pythonhosted.org/packages/30/82/8a9ccbdb4e38bd4d516f2804999dccb8cb4bcb4e33f52851735da0c73ea7/levenshtein-0.27.3-cp314-cp314-win_amd64.whl", hash = "sha256:742633f024362a4ed6ef9d7e75d68f74b041ae738985fcf55a0e6d1d4cade438", size = 96640, upload-time = "2025-11-01T12:14:06.24Z" },
    { url = "https://files.pythonhosted.org/packages/14/86/f9d15919f59f5d92c6baa500315e1fa0143a39d811427b83c54f038267ca/levenshtein-0.27.3-cp314-cp314-win_arm64.whl", hash = "sha256:9eed6851224b19e8d588ddb8eb8a4ae3c2dcabf3d1213985f0b94a67e517b1df", size = 89689, upload-time = "2025-11-01T12:14:07.379Z" },
    { url = "https://files.pythonhosted.org/packages/ed/f6/10f44975ae6dc3047b2cd260e3d4c3a5258b8d10690a42904115de24fc51/levenshtein-0.27.3-cp314-cp314t-macosx_10_15_x86_64.whl", hash = "sha256:77de69a345c76227b51a4521cd85442eb3da54c7eb6a06663a20c058fc49e683", size = 170518, upload-time = "2025-11-01T12:14:09.196Z" },
    { url = "https://files.pythonhosted.org/packages/08/07/fa294a145a0c99a814a9a807614962c1ee0f5749ca691645980462027d5d/levenshtein-0.27.3-cp314-cp314t-macosx_11_0_arm64.whl", hash = "sha256:eba2756dc1f5b962b0ff80e49abb2153d5e809cc5e7fa5e85be9410ce474795d", size = 159097, upload-time = "2025-11-01T12:14:10.404Z" },
    { url = "https://files.pythonhosted.org/packages/ae/50/24bdf37813fc30f293e53b46022b091144f4737a6a66663d2235b311bb98/levenshtein-0.27.3-cp314-cp314t-manylinux_2_24_aarch64.manylinux_2_28_aarch64.whl", hash = "sha256:2c8fcb498287e971d84260f67808ff1a06b3f6212d80fea75cf5155db80606ff", size = 136650, upload-time = "2025-11-01T12:14:11.579Z" },
    { url = "https://files.pythonhosted.org/packages/d0/a9/0399c7a190b277cdea3acc801129d9d30da57c3fa79519e7b8c3f080d86c/levenshtein-0.27.3-cp314-cp314t-manylinux_2_24_armv7l.manylinux_2_31_armv7l.whl", hash = "sha256:f067092c67464faab13e00a5c1a80da93baca8955d4d49579861400762e35591", size = 117515, upload-time = "2025-11-01T12:14:12.877Z" },
    { url = "https://files.pythonhosted.org/packages/bf/a4/1c27533e97578b385a4b8079abe8d1ce2e514717c761efbe4bf7bbd0ac2e/levenshtein-0.27.3-cp314-cp314t-manylinux_2_24_x86_64.manylinux_2_28_x86_64.whl", hash = "sha256:92415f32c68491203f2855d05eef3277d376182d014cf0859c013c89f277fbbf", size = 155711, upload-time = "2025-11-01T12:14:13.985Z" },
    { url = "https://files.pythonhosted.org/packages/50/35/bbc26638394a72b1e31a685ec251c995ee66a630c7e5c86f98770928b632/levenshtein-0.27.3-cp314-cp314t-musllinux_1_2_aarch64.whl", hash = "sha256:ef61eeaf1e0a42d7d947978d981fe4b9426b98b3dd8c1582c535f10dee044c3f", size = 1116692, upload-time = "2025-11-01T12:14:15.359Z" },
    { url = "https://files.pythonhosted.org/packages/cd/83/32fcf28b388f8dc6c36b54552b9bae289dab07d43df104893158c834cbcc/levenshtein-0.27.3-cp314-cp314t-musllinux_1_2_armv7l.whl", hash = "sha256:103bb2e9049d1aa0d1216dd09c1c9106ecfe7541bbdc1a0490b9357d42eec8f2", size = 1003167, upload-time = "2025-11-01T12:14:17.469Z" },
    { url = "https://files.pythonhosted.org/packages/d1/79/1fbf2877ec4b819f373a32ebe3c48a61ee810693593a6015108b0be97b78/levenshtein-0.27.3-cp314-cp314t-musllinux_1_2_x86_64.whl", hash = "sha256:6a64ddd1986b2a4c468b09544382287315c53585eb067f6e200c337741e057ee", size = 1189417, upload-time = "2025-11-01T12:14:19.081Z" },
    { url = "https://files.pythonhosted.org/packages/d3/ac/dad4e09f1f7459c64172e48e40ed2baf3aa92d38205bcbd1b4ff00853701/levenshtein-0.27.3-cp314-cp314t-win32.whl", hash = "sha256:957244f27dc284ccb030a8b77b8a00deb7eefdcd70052a4b1d96f375780ae9dc", size = 88144, upload-time = "2025-11-01T12:14:20.667Z" },
    { url = "https://files.pythonhosted.org/packages/c0/61/cd51dc8b8a382e17c559a9812734c3a9afc2dab7d36253516335ee16ae50/levenshtein-0.27.3-cp314-cp314t-win_amd64.whl", hash = "sha256:ccd7eaa6d8048c3ec07c93cfbcdefd4a3ae8c6aca3a370f2023ee69341e5f076", size = 98516, upload-time = "2025-11-01T12:14:21.786Z" },
    { url = "https://files.pythonhosted.org/packages/27/5e/3fb67e882c1fee01ebb7abc1c0a6669e5ff8acd060e93bfe7229e9ce6e4f/levenshtein-0.27.3-cp314-cp314t-win_arm64.whl", hash = "sha256:1d8520b89b7a27bb5aadbcc156715619bcbf556a8ac46ad932470945dca6e1bd", size = 91020, upload-time = "2025-11-01T12:14:22.944Z" },
]

[[package]]
name = "mk-lib"
version = "0.1.0"
source = { virtual = "." }
dependencies = [
    { name = "levenshtein" },
    { name = "pandas" },
    { name = "unidecode" },
]

[package.metadata]
requires-dist = [
    { name = "levenshtein", specifier = ">=0.27.3" },
    { name = "pandas", specifier = ">=2.3.3" },
    { name = "unidecode", specifier = ">=1.4.0" },
]

[[package]]
name = "numpy"
version = "2.4.0"
source = { registry = "https://pypi.org/simple" }
sdist = { url = "https://files.pythonhosted.org/packages/a4/7a/6a3d14e205d292b738db449d0de649b373a59edb0d0b4493821d0a3e8718/numpy-2.4.0.tar.gz", hash = "sha256:6e504f7b16118198f138ef31ba24d985b124c2c469fe8467007cf30fd992f934", size = 20685720, upload-time = "2025-12-20T16:18:19.023Z" }
wheels = [
    { url = "https://files.pythonhosted.org/packages/ab/ed/52eac27de39d5e5a6c9aadabe672bc06f55e24a3d9010cd1183948055d76/numpy-2.4.0-cp314-cp314-macosx_10_15_x86_64.whl", hash = "sha256:c95eb6db2884917d86cde0b4d4cf31adf485c8ec36bf8696dd66fa70de96f36b", size = 16647476, upload-time = "2025-12-20T16:17:17.671Z" },
    { url = "https://files.pythonhosted.org/packages/77/c0/990ce1b7fcd4e09aeaa574e2a0a839589e4b08b2ca68070f1acb1fea6736/numpy-2.4.0-cp314-cp314-macosx_11_0_arm64.whl", hash = "sha256:65167da969cd1ec3a1df31cb221ca3a19a8aaa25370ecb17d428415e93c1935e", size = 12374563, upload-time = "2025-12-20T16:17:20.216Z" },
    { url = "https://files.pythonhosted.org/packages/37/7c/8c5e389c6ae8f5fd2277a988600d79e9625db3fff011a2d87ac80b881a4c/numpy-2.4.0-cp314-cp314-macosx_14_0_arm64.whl", hash = "sha256:3de19cfecd1465d0dcf8a5b5ea8b3155b42ed0b639dba4b71e323d74f2a3be5e", size = 5203107, upload-time = "2025-12-20T16:17:22.47Z" },
    { url = "https://files.pythonhosted.org/packages/e6/94/ca5b3bd6a8a70a5eec9a0b8dd7f980c1eff4b8a54970a9a7fef248ef564f/numpy-2.4.0-cp314-cp314-macosx_14_0_x86_64.whl", hash = "sha256:6c05483c3136ac4c91b4e81903cb53a8707d316f488124d0398499a4f8e8ef51", size = 6538067, upload-time = "2025-12-20T16:17:24.001Z" },
    { url = "https://files.pythonhosted.org/packages/79/43/993eb7bb5be6761dde2b3a3a594d689cec83398e3f58f4758010f3b85727/numpy-2.4.0-cp314-cp314-manylinux_2_27_aarch64.manylinux_2_28_aarch64.whl", hash = "sha256:36667db4d6c1cea79c8930ab72fadfb4060feb4bfe724141cd4bd064d2e5f8ce", size = 14411926, upload-time = "2025-12-20T16:17:25.822Z" },
    { url = "https://files.pythonhosted.org/packages/03/75/d4c43b61de473912496317a854dac54f1efec3eeb158438da6884b70bb90/numpy-2.4.0-cp314-cp314-manylinux_2_27_x86_64.manylinux_2_28_x86_64.whl", hash = "sha256:9a818668b674047fd88c4cddada7ab8f1c298812783e8328e956b78dc4807f9f", size = 16354295, upload-time = "2025-12-20T16:17:28.308Z" },
    { url = "https://files.pythonhosted.org/packages/b8/0a/b54615b47ee8736a6461a4bb6749128dd3435c5a759d5663f11f0e9af4ac/numpy-2.4.0-cp314-cp314-musllinux_1_2_aarch64.whl", hash = "sha256:1ee32359fb7543b7b7bd0b2f46294db27e29e7bbdf70541e81b190836cd83ded", size = 16190242, upload-time = "2025-12-20T16:17:30.993Z" },
    { url = "https://files.pythonhosted.org/packages/98/ce/ea207769aacad6246525ec6c6bbd66a2bf56c72443dc10e2f90feed29290/numpy-2.4.0-cp314-cp314-musllinux_1_2_x86_64.whl", hash = "sha256:e493962256a38f58283de033d8af176c5c91c084ea30f15834f7545451c42059", size = 18280875, upload-time = "2025-12-20T16:17:33.327Z" },
    { url = "https://files.pythonhosted.org/packages/17/ef/ec409437aa962ea372ed601c519a2b141701683ff028f894b7466f0ab42b/numpy-2.4.0-cp314-cp314-win32.whl", hash = "sha256:6bbaebf0d11567fa8926215ae731e1d58e6ec28a8a25235b8a47405d301332db", size = 6002530, upload-time = "2025-12-20T16:17:35.729Z" },
    { url = "https://files.pythonhosted.org/packages/5f/4a/5cb94c787a3ed1ac65e1271b968686521169a7b3ec0b6544bb3ca32960b0/numpy-2.4.0-cp314-cp314-win_amd64.whl", hash = "sha256:3d857f55e7fdf7c38ab96c4558c95b97d1c685be6b05c249f5fdafcbd6f9899e", size = 12435890, upload-time = "2025-12-20T16:17:37.599Z" },
    { url = "https://files.pythonhosted.org/packages/48/a0/04b89db963af9de1104975e2544f30de89adbf75b9e75f7dd2599be12c79/numpy-2.4.0-cp314-cp314-win_arm64.whl", hash = "sha256:bb50ce5fb202a26fd5404620e7ef820ad1ab3558b444cb0b55beb7ef66cd2d63", size = 10591892, upload-time = "2025-12-20T16:17:39.649Z" },
    { url = "https://files.pythonhosted.org/packages/53/e5/d74b5ccf6712c06c7a545025a6a71bfa03bdc7e0568b405b0d655232fd92/numpy-2.4.0-cp314-cp314t-macosx_11_0_arm64.whl", hash = "sha256:355354388cba60f2132df297e2d53053d4063f79077b67b481d21276d61fc4df", size = 12494312, upload-time = "2025-12-20T16:17:41.714Z" },
    { url = "https://files.pythonhosted.org/packages/c2/08/3ca9cc2ddf54dfee7ae9a6479c071092a228c68aef08252aa08dac2af002/numpy-2.4.0-cp314-cp314t-macosx_14_0_arm64.whl", hash = "sha256:1d8f9fde5f6dc1b6fc34df8162f3b3079365468703fee7f31d4e0cc8c63baed9", size = 5322862, upload-time = "2025-12-20T16:17:44.145Z" },
    { url = "https://files.pythonhosted.org/packages/87/74/0bb63a68394c0c1e52670cfff2e309afa41edbe11b3327d9af29e4383f34/numpy-2.4.0-cp314-cp314t-macosx_14_0_x86_64.whl", hash = "sha256:e0434aa22c821f44eeb4c650b81c7fbdd8c0122c6c4b5a576a76d5a35625ecd9", size = 6644986, upload-time = "2025-12-20T16:17:46.203Z" },
    { url = "https://files.pythonhosted.org/packages/06/8f/9264d9bdbcf8236af2823623fe2f3981d740fc3461e2787e231d97c38c28/numpy-2.4.0-cp314-cp314t-manylinux_2_27_aarch64.manylinux_2_28_aarch64.whl", hash = "sha256:40483b2f2d3ba7aad426443767ff5632ec3156ef09742b96913787d13c336471", size = 14457958, upload-time = "2025-12-20T16:17:48.017Z" },
    { url = "https://files.pythonhosted.org/packages/8c/d9/f9a69ae564bbc7236a35aa883319364ef5fd41f72aa320cc1cbe66148fe2/numpy-2.4.0-cp314-cp314t-manylinux_2_27_x86_64.manylinux_2_28_x86_64.whl", hash = "sha256:d9e6a7664ddd9746e20b7325351fe1a8408d0a2bf9c63b5e898290ddc8f09544", size = 16398394, upload-time = "2025-12-20T16:17:50.409Z" },
    { url = "https://files.pythonhosted.org/packages/34/c7/39241501408dde7f885d241a98caba5421061a2c6d2b2197ac5e3aa842d8/numpy-2.4.0-cp314-cp314t-musllinux_1_2_aarch64.whl", hash = "sha256:ecb0019d44f4cdb50b676c5d0cb4b1eae8e15d1ed3d3e6639f986fc92b2ec52c", size = 16241044, upload-time = "2025-12-20T16:17:52.661Z" },
    { url = "https://files.pythonhosted.org/packages/7c/95/cae7effd90e065a95e59fe710eeee05d7328ed169776dfdd9f789e032125/numpy-2.4.0-cp314-cp314t-musllinux_1_2_x86_64.whl", hash = "sha256:d0ffd9e2e4441c96a9c91ec1783285d80bf835b677853fc2770a89d50c1e48ac", size = 18321772, upload-time = "2025-12-20T16:17:54.947Z" },
    { url = "https://files.pythonhosted.org/packages/96/df/3c6c279accd2bfb968a76298e5b276310bd55d243df4fa8ac5816d79347d/numpy-2.4.0-cp314-cp314t-win32.whl", hash = "sha256:77f0d13fa87036d7553bf81f0e1fe3ce68d14c9976c9851744e4d3e91127e95f", size = 6148320, upload-time = "2025-12-20T16:17:57.249Z" },
    { url = "https://files.pythonhosted.org/packages/92/8d/f23033cce252e7a75cae853d17f582e86534c46404dea1c8ee094a9d6d84/numpy-2.4.0-cp314-cp314t-win_amd64.whl", hash = "sha256:b1f5b45829ac1848893f0ddf5cb326110604d6df96cdc255b0bf9edd154104d4", size = 12623460, upload-time = "2025-12-20T16:17:58.963Z" },
    { url = "https://files.pythonhosted.org/packages/a4/4f/1f8475907d1a7c4ef9020edf7f39ea2422ec896849245f00688e4b268a71/numpy-2.4.0-cp314-cp314t-win_arm64.whl", hash = "sha256:23a3e9d1a6f360267e8fbb38ba5db355a6a7e9be71d7fce7ab3125e88bb646c8", size = 10661799, upload-time = "2025-12-20T16:18:01.078Z" },
]

[[package]]
name = "pandas"
version = "2.3.3"
source = { registry = "https://pypi.org/simple" }
dependencies = [
    { name = "numpy" },
    { name = "python-dateutil" },
    { name = "pytz" },
    { name = "tzdata" },
]
sdist = { url = "https://files.pythonhosted.org/packages/33/01/d40b85317f86cf08d853a4f495195c73815fdf205eef3993821720274518/pandas-2.3.3.tar.gz", hash = "sha256:e05e1af93b977f7eafa636d043f9f94c7ee3ac81af99c13508215942e64c993b", size = 4495223, upload-time = "2025-09-29T23:34:51.853Z" }
wheels = [
    { url = "https://files.pythonhosted.org/packages/04/fd/74903979833db8390b73b3a8a7d30d146d710bd32703724dd9083950386f/pandas-2.3.3-cp314-cp314-macosx_10_13_x86_64.whl", hash = "sha256:ee15f284898e7b246df8087fc82b87b01686f98ee67d85a17b7ab44143a3a9a0", size = 11540635, upload-time = "2025-09-29T23:25:52.486Z" },
    { url = "https://files.pythonhosted.org/packages/21/00/266d6b357ad5e6d3ad55093a7e8efc7dd245f5a842b584db9f30b0f0a287/pandas-2.3.3-cp314-cp314-macosx_11_0_arm64.whl", hash = "sha256:1611aedd912e1ff81ff41c745822980c49ce4a7907537be8692c8dbc31924593", size = 10759079, upload-time = "2025-09-29T23:26:33.204Z" },
    { url = "https://files.pythonhosted.org/packages/ca/05/d01ef80a7a3a12b2f8bbf16daba1e17c98a2f039cbc8e2f77a2c5a63d382/pandas-2.3.3-cp314-cp314-manylinux_2_24_aarch64.manylinux_2_28_aarch64.whl", hash = "sha256:6d2cefc361461662ac48810cb14365a365ce864afe85ef1f447ff5a1e99ea81c", size = 11814049, upload-time = "2025-09-29T23:27:15.384Z" },
    { url = "https://files.pythonhosted.org/packages/15/b2/0e62f78c0c5ba7e3d2c5945a82456f4fac76c480940f805e0b97fcbc2f65/pandas-2.3.3-cp314-cp314-manylinux_2_24_x86_64.manylinux_2_28_x86_64.whl", hash = "sha256:ee67acbbf05014ea6c763beb097e03cd629961c8a632075eeb34247120abcb4b", size = 12332638, upload-time = "2025-09-29T23:27:51.625Z" },
    { url = "https://files.pythonhosted.org/packages/c5/33/dd70400631b62b9b29c3c93d2feee1d0964dc2bae2e5ad7a6c73a7f25325/pandas-2.3.3-cp314-cp314-musllinux_1_2_aarch64.whl", hash = "sha256:c46467899aaa4da076d5abc11084634e2d197e9460643dd455ac3db5856b24d6", size = 12886834, upload-time = "2025-09-29T23:28:21.289Z" },
    { url = "https://files.pythonhosted.org/packages/d3/18/b5d48f55821228d0d2692b34fd5034bb185e854bdb592e9c640f6290e012/pandas-2.3.3-cp314-cp314-musllinux_1_2_x86_64.whl", hash = "sha256:6253c72c6a1d990a410bc7de641d34053364ef8bcd3126f7e7450125887dffe3", size = 13409925, upload-time = "2025-09-29T23:28:58.261Z" },
    { url = "https://files.pythonhosted.org/packages/a6/3d/124ac75fcd0ecc09b8fdccb0246ef65e35b012030defb0e0eba2cbbbe948/pandas-2.3.3-cp314-cp314-win_amd64.whl", hash = "sha256:1b07204a219b3b7350abaae088f451860223a52cfb8a6c53358e7948735158e5", size = 11109071, upload-time = "2025-09-29T23:32:27.484Z" },
    { url = "https://files.pythonhosted.org/packages/89/9c/0e21c895c38a157e0faa1fb64587a9226d6dd46452cac4532d80c3c4a244/pandas-2.3.3-cp314-cp314t-macosx_10_13_x86_64.whl", hash = "sha256:2462b1a365b6109d275250baaae7b760fd25c726aaca0054649286bcfbb3e8ec", size = 12048504, upload-time = "2025-09-29T23:29:31.47Z" },
    { url = "https://files.pythonhosted.org/packages/d7/82/b69a1c95df796858777b68fbe6a81d37443a33319761d7c652ce77797475/pandas-2.3.3-cp314-cp314t-macosx_11_0_arm64.whl", hash = "sha256:0242fe9a49aa8b4d78a4fa03acb397a58833ef6199e9aa40a95f027bb3a1b6e7", size = 11410702, upload-time = "2025-09-29T23:29:54.591Z" },
    { url = "https://files.pythonhosted.org/packages/f9/88/702bde3ba0a94b8c73a0181e05144b10f13f29ebfc2150c3a79062a8195d/pandas-2.3.3-cp314-cp314t-manylinux_2_24_aarch64.manylinux_2_28_aarch64.whl", hash = "sha256:a21d830e78df0a515db2b3d2f5570610f5e6bd2e27749770e8bb7b524b89b450", size = 11634535, upload-time = "2025-09-29T23:30:21.003Z" },
    { url = "https://files.pythonhosted.org/packages/a4/1e/1bac1a839d12e6a82ec6cb40cda2edde64a2013a66963293696bbf31fbbb/pandas-2.3.3-cp314-cp314t-manylinux_2_24_x86_64.manylinux_2_28_x86_64.whl", hash = "sha256:2e3ebdb170b5ef78f19bfb71b0dc5dc58775032361fa188e814959b74d726dd5", size = 12121582, upload-time = "2025-09-29T23:30:43.391Z" },
    { url = "https://files.pythonhosted.org/packages/44/91/483de934193e12a3b1d6ae7c8645d083ff88dec75f46e827562f1e4b4da6/pandas-2.3.3-cp314-cp314t-musllinux_1_2_aarch64.whl", hash = "sha256:d051c0e065b94b7a3cea50eb1ec32e912cd96dba41647eb24104b6c6c14c5788", size = 12699963, upload-time = "2025-09-29T23:31:10.009Z" },
    { url = "https://files.pythonhosted.org/packages/70/44/5191d2e4026f86a2a109053e194d3ba7a31a2d10a9c2348368c63ed4e85a/pandas-2.3.3-cp314-cp314t-musllinux_1_2_x86_64.whl", hash = "sha256:3869faf4bd07b3b66a9f462417d0ca3a9df29a9f6abd5d0d0dbab15dac7abe87", size = 13202175, upload-time = "2025-09-29T23:31:59.173Z" },
]

[[package]]
name = "python-dateutil"
version = "2.9.0.post0"
source = { registry = "https://pypi.org/simple" }
dependencies = [
    { name = "six" },
]
sdist = { url = "https://files.pythonhosted.org/packages/66/c0/0c8b6ad9f17a802ee498c46e004a0eb49bc148f2fd230864601a86dcf6db/python-dateutil-2.9.0.post0.tar.gz", hash = "sha256:37dd54208da7e1cd875388217d5e00ebd4179249f90fb72437e91a35459a0ad3", size = 342432, upload-time = "2024-03-01T18:36:20.211Z" }
wheels = [
    { url = "https://files.pythonhosted.org/packages/ec/57/56b9bcc3c9c6a792fcbaf139543cee77261f3651ca9da0c93f5c1221264b/python_dateutil-2.9.0.post0-py2.py3-none-any.whl", hash = "sha256:a8b2bc7bffae282281c8140a97d3aa9c14da0b136dfe83f850eea9a5f7470427", size = 229892, upload-time = "2024-03-01T18:36:18.57Z" },
]

[[package]]
name = "pytz"
version = "2025.2"
source = { registry = "https://pypi.org/simple" }
sdist = { url = "https://files.pythonhosted.org/packages/f8/bf/abbd3cdfb8fbc7fb3d4d38d320f2441b1e7cbe29be4f23797b4a2b5d8aac/pytz-2025.2.tar.gz", hash = "sha256:360b9e3dbb49a209c21ad61809c7fb453643e048b38924c765813546746e81c3", size = 320884, upload-time = "2025-03-25T02:25:00.538Z" }
wheels = [
    { url = "https://files.pythonhosted.org/packages/81/c4/34e93fe5f5429d7570ec1fa436f1986fb1f00c3e0f43a589fe2bbcd22c3f/pytz-2025.2-py2.py3-none-any.whl", hash = "sha256:5ddf76296dd8c44c26eb8f4b6f35488f3ccbf6fbbd7adee0b7262d43f0ec2f00", size = 509225, upload-time = "2025-03-25T02:24:58.468Z" },
]

[[package]]
name = "rapidfuzz"
version = "3.14.3"
source = { registry = "https://pypi.org/simple" }
sdist = { url = "https://files.pythonhosted.org/packages/d3/28/9d808fe62375b9aab5ba92fa9b29371297b067c2790b2d7cda648b1e2f8d/rapidfuzz-3.14.3.tar.gz", hash = "sha256:2491937177868bc4b1e469087601d53f925e8d270ccc21e07404b4b5814b7b5f", size = 57863900, upload-time = "2025-11-01T11:54:52.321Z" }
wheels = [
    { url = "https://files.pythonhosted.org/packages/32/6f/1b88aaeade83abc5418788f9e6b01efefcd1a69d65ded37d89cd1662be41/rapidfuzz-3.14.3-cp314-cp314-macosx_10_15_x86_64.whl", hash = "sha256:442125473b247227d3f2de807a11da6c08ccf536572d1be943f8e262bae7e4ea", size = 1942086, upload-time = "2025-11-01T11:54:02.592Z" },
    { url = "https://files.pythonhosted.org/packages/a0/2c/b23861347436cb10f46c2bd425489ec462790faaa360a54a7ede5f78de88/rapidfuzz-3.14.3-cp314-cp314-macosx_11_0_arm64.whl", hash = "sha256:1ec0c8c0c3d4f97ced46b2e191e883f8c82dbbf6d5ebc1842366d7eff13cd5a6", size = 1386993, upload-time = "2025-11-01T11:54:04.12Z" },
    { url = "https://files.pythonhosted.org/packages/83/86/5d72e2c060aa1fbdc1f7362d938f6b237dff91f5b9fc5dd7cc297e112250/rapidfuzz-3.14.3-cp314-cp314-manylinux_2_26_aarch64.manylinux_2_28_aarch64.whl", hash = "sha256:2dc37bc20272f388b8c3a4eba4febc6e77e50a8f450c472def4751e7678f55e4", size = 1379126, upload-time = "2025-11-01T11:54:05.777Z" },
    { url = "https://files.pythonhosted.org/packages/c9/bc/ef2cee3e4d8b3fc22705ff519f0d487eecc756abdc7c25d53686689d6cf2/rapidfuzz-3.14.3-cp314-cp314-manylinux_2_27_x86_64.manylinux_2_28_x86_64.whl", hash = "sha256:dee362e7e79bae940a5e2b3f6d09c6554db6a4e301cc68343886c08be99844f1", size = 3159304, upload-time = "2025-11-01T11:54:07.351Z" },
    { url = "https://files.pythonhosted.org/packages/a0/36/dc5f2f62bbc7bc90be1f75eeaf49ed9502094bb19290dfb4747317b17f12/rapidfuzz-3.14.3-cp314-cp314-manylinux_2_31_armv7l.whl", hash = "sha256:4b39921df948388a863f0e267edf2c36302983459b021ab928d4b801cbe6a421", size = 1218207, upload-time = "2025-11-01T11:54:09.641Z" },
    { url = "https://files.pythonhosted.org/packages/df/7e/8f4be75c1bc62f47edf2bbbe2370ee482fae655ebcc4718ac3827ead3904/rapidfuzz-3.14.3-cp314-cp314-musllinux_1_2_aarch64.whl", hash = "sha256:beda6aa9bc44d1d81242e7b291b446be352d3451f8217fcb068fc2933927d53b", size = 2401245, upload-time = "2025-11-01T11:54:11.543Z" },
    { url = "https://files.pythonhosted.org/packages/05/38/f7c92759e1bb188dd05b80d11c630ba59b8d7856657baf454ff56059c2ab/rapidfuzz-3.14.3-cp314-cp314-musllinux_1_2_armv7l.whl", hash = "sha256:6a014ba09657abfcfeed64b7d09407acb29af436d7fc075b23a298a7e4a6b41c", size = 2518308, upload-time = "2025-11-01T11:54:13.134Z" },
    { url = "https://files.pythonhosted.org/packages/c7/ac/85820f70fed5ecb5f1d9a55f1e1e2090ef62985ef41db289b5ac5ec56e28/rapidfuzz-3.14.3-cp314-cp314-musllinux_1_2_x86_64.whl", hash = "sha256:32eeafa3abce138bb725550c0e228fc7eaeec7059aa8093d9cbbec2b58c2371a", size = 4265011, upload-time = "2025-11-01T11:54:15.087Z" },
    { url = "https://files.pythonhosted.org/packages/46/a9/616930721ea9835c918af7cde22bff17f9db3639b0c1a7f96684be7f5630/rapidfuzz-3.14.3-cp314-cp314-win32.whl", hash = "sha256:adb44d996fc610c7da8c5048775b21db60dd63b1548f078e95858c05c86876a3", size = 1742245, upload-time = "2025-11-01T11:54:17.19Z" },
    { url = "https://files.pythonhosted.org/packages/06/8a/f2fa5e9635b1ccafda4accf0e38246003f69982d7c81f2faa150014525a4/rapidfuzz-3.14.3-cp314-cp314-win_amd64.whl", hash = "sha256:f3d15d8527e2b293e38ce6e437631af0708df29eafd7c9fc48210854c94472f9", size = 1584856, upload-time = "2025-11-01T11:54:18.764Z" },
    { url = "https://files.pythonhosted.org/packages/ef/97/09e20663917678a6d60d8e0e29796db175b1165e2079830430342d5298be/rapidfuzz-3.14.3-cp314-cp314-win_arm64.whl", hash = "sha256:576e4b9012a67e0bf54fccb69a7b6c94d4e86a9540a62f1a5144977359133583", size = 833490, upload-time = "2025-11-01T11:54:20.753Z" },
    { url = "https://files.pythonhosted.org/packages/03/1b/6b6084576ba87bf21877c77218a0c97ba98cb285b0c02eaaee3acd7c4513/rapidfuzz-3.14.3-cp314-cp314t-macosx_10_15_x86_64.whl", hash = "sha256:cec3c0da88562727dd5a5a364bd9efeb535400ff0bfb1443156dd139a1dd7b50", size = 1968658, upload-time = "2025-11-01T11:54:22.25Z" },
    { url = "https://files.pythonhosted.org/packages/38/c0/fb02a0db80d95704b0a6469cc394e8c38501abf7e1c0b2afe3261d1510c2/rapidfuzz-3.14.3-cp314-cp314t-macosx_11_0_arm64.whl", hash = "sha256:d1fa009f8b1100e4880868137e7bf0501422898f7674f2adcd85d5a67f041296", size = 1410742, upload-time = "2025-11-01T11:54:23.863Z" },
    { url = "https://files.pythonhosted.org/packages/a4/72/3fbf12819fc6afc8ec75a45204013b40979d068971e535a7f3512b05e765/rapidfuzz-3.14.3-cp314-cp314t-manylinux_2_26_aarch64.manylinux_2_28_aarch64.whl", hash = "sha256:1b86daa7419b5e8b180690efd1fdbac43ff19230803282521c5b5a9c83977655", size = 1382810, upload-time = "2025-11-01T11:54:25.571Z" },
    { url = "https://files.pythonhosted.org/packages/0f/18/0f1991d59bb7eee28922a00f79d83eafa8c7bfb4e8edebf4af2a160e7196/rapidfuzz-3.14.3-cp314-cp314t-manylinux_2_27_x86_64.manylinux_2_28_x86_64.whl", hash = "sha256:c7bd1816db05d6c5ffb3a4df0a2b7b56fb8c81ef584d08e37058afa217da91b1", size = 3166349, upload-time = "2025-11-01T11:54:27.195Z" },
    { url = "https://files.pythonhosted.org/packages/0d/f0/baa958b1989c8f88c78bbb329e969440cf330b5a01a982669986495bb980/rapidfuzz-3.14.3-cp314-cp314t-manylinux_2_31_armv7l.whl", hash = "sha256:33da4bbaf44e9755b0ce192597f3bde7372fe2e381ab305f41b707a95ac57aa7", size = 1214994, upload-time = "2025-11-01T11:54:28.821Z" },
    { url = "https://files.pythonhosted.org/packages/e4/a0/cd12ec71f9b2519a3954febc5740291cceabc64c87bc6433afcb36259f3b/rapidfuzz-3.14.3-cp314-cp314t-musllinux_1_2_aarch64.whl", hash = "sha256:3fecce764cf5a991ee2195a844196da840aba72029b2612f95ac68a8b74946bf", size = 2403919, upload-time = "2025-11-01T11:54:30.393Z" },
    { url = "https://files.pythonhosted.org/packages/0b/ce/019bd2176c1644098eced4f0595cb4b3ef52e4941ac9a5854f209d0a6e16/rapidfuzz-3.14.3-cp314-cp314t-musllinux_1_2_armv7l.whl", hash = "sha256:ecd7453e02cf072258c3a6b8e930230d789d5d46cc849503729f9ce475d0e785", size = 2508346, upload-time = "2025-11-01T11:54:32.048Z" },
    { url = "https://files.pythonhosted.org/packages/23/f8/be16c68e2c9e6c4f23e8f4adbb7bccc9483200087ed28ff76c5312da9b14/rapidfuzz-3.14.3-cp314-cp314t-musllinux_1_2_x86_64.whl", hash = "sha256:ea188aa00e9bcae8c8411f006a5f2f06c4607a02f24eab0d8dc58566aa911f35", size = 4274105, upload-time = "2025-11-01T11:54:33.701Z" },
    { url = "https://files.pythonhosted.org/packages/a1/d1/5ab148e03f7e6ec8cd220ccf7af74d3aaa4de26dd96df58936beb7cba820/rapidfuzz-3.14.3-cp314-cp314t-win32.whl", hash = "sha256:7ccbf68100c170e9a0581accbe9291850936711548c6688ce3bfb897b8c589ad", size = 1793465, upload-time = "2025-11-01T11:54:35.331Z" },
    { url = "https://files.pythonhosted.org/packages/cd/97/433b2d98e97abd9fff1c470a109b311669f44cdec8d0d5aa250aceaed1fb/rapidfuzz-3.14.3-cp314-cp314t-win_amd64.whl", hash = "sha256:9ec02e62ae765a318d6de38df609c57fc6dacc65c0ed1fd489036834fd8a620c", size = 1623491, upload-time = "2025-11-01T11:54:38.085Z" },
    { url = "https://files.pythonhosted.org/packages/e2/f6/e2176eb94f94892441bce3ddc514c179facb65db245e7ce3356965595b19/rapidfuzz-3.14.3-cp314-cp314t-win_arm64.whl", hash = "sha256:e805e52322ae29aa945baf7168b6c898120fbc16d2b8f940b658a5e9e3999253", size = 851487, upload-time = "2025-11-01T11:54:40.176Z" },
]

[[package]]
name = "six"
version = "1.17.0"
source = { registry = "https://pypi.org/simple" }
sdist = { url = "https://files.pythonhosted.org/packages/94/e7/b2c673351809dca68a0e064b6af791aa332cf192da575fd474ed7d6f16a2/six-1.17.0.tar.gz", hash = "sha256:ff70335d468e7eb6ec65b95b99d3a2836546063f63acc5171de367e834932a81", size = 34031, upload-time = "2024-12-04T17:35:28.174Z" }
wheels = [
    { url = "https://files.pythonhosted.org/packages/b7/ce/149a00dd41f10bc29e5921b496af8b574d8413afcd5e30dfa0ed46c2cc5e/six-1.17.0-py2.py3-none-any.whl", hash = "sha256:4721f391ed90541fddacab5acf947aa0d3dc7d27b2e1e8eda2be8970586c3274", size = 11050, upload-time = "2024-12-04T17:35:26.475Z" },
]

[[package]]
name = "tzdata"
version = "2025.3"
source = { registry = "https://pypi.org/simple" }
sdist = { url = "https://files.pythonhosted.org/packages/5e/a7/c202b344c5ca7daf398f3b8a477eeb205cf3b6f32e7ec3a6bac0629ca975/tzdata-2025.3.tar.gz", hash = "sha256:de39c2ca5dc7b0344f2eba86f49d614019d29f060fc4ebc8a417896a620b56a7", size = 196772, upload-time = "2025-12-13T17:45:35.667Z" }
wheels = [
    { url = "https://files.pythonhosted.org/packages/c7/b0/003792df09decd6849a5e39c28b513c06e84436a54440380862b5aeff25d/tzdata-2025.3-py2.py3-none-any.whl", hash = "sha256:06a47e5700f3081aab02b2e513160914ff0694bce9947d6b76ebd6bf57cfc5d1", size = 348521, upload-time = "2025-12-13T17:45:33.889Z" },
]

[[package]]
name = "unidecode"
version = "1.4.0"
source = { registry = "https://pypi.org/simple" }
sdist = { url = "https://files.pythonhosted.org/packages/94/7d/a8a765761bbc0c836e397a2e48d498305a865b70a8600fd7a942e85dcf63/Unidecode-1.4.0.tar.gz", hash = "sha256:ce35985008338b676573023acc382d62c264f307c8f7963733405add37ea2b23", size = 200149, upload-time = "2025-04-24T08:45:03.798Z" }
wheels = [
    { url = "https://files.pythonhosted.org/packages/8f/b7/559f59d57d18b44c6d1250d2eeaa676e028b9c527431f5d0736478a73ba1/Unidecode-1.4.0-py3-none-any.whl", hash = "sha256:c3c7606c27503ad8d501270406e345ddb480a7b5f38827eafe4fa82a137f0021", size = 235837, upload-time = "2025-04-24T08:45:01.609Z" },
]
